// !$*UTF8*$!
{
	archiveVersion = 1;
	classes = {
	};
	objectVersion = 50;
	objects = {

/* Begin PBXBuildFile section */
		B65D92E52540CE3B000918AB /* AppDelegate.swift in Sources */ = {isa = PBXBuildFile; fileRef = B65D92E42540CE3B000918AB /* AppDelegate.swift */; };
		B65D92E72540CE3B000918AB /* SceneDelegate.swift in Sources */ = {isa = PBXBuildFile; fileRef = B65D92E62540CE3B000918AB /* SceneDelegate.swift */; };
		B65D92E92540CE3B000918AB /* ViewController.swift in Sources */ = {isa = PBXBuildFile; fileRef = B65D92E82540CE3B000918AB /* ViewController.swift */; };
		B65D92EC2540CE3B000918AB /* Main.storyboard in Resources */ = {isa = PBXBuildFile; fileRef = B65D92EA2540CE3B000918AB /* Main.storyboard */; };
		B65D92EE2540CE42000918AB /* Assets.xcassets in Resources */ = {isa = PBXBuildFile; fileRef = B65D92ED2540CE42000918AB /* Assets.xcassets */; };
		B65D92F12540CE42000918AB /* LaunchScreen.storyboard in Resources */ = {isa = PBXBuildFile; fileRef = B65D92EF2540CE42000918AB /* LaunchScreen.storyboard */; };
		B65D92FC2540CE43000918AB /* ParstagramTests.swift in Sources */ = {isa = PBXBuildFile; fileRef = B65D92FB2540CE43000918AB /* ParstagramTests.swift */; };
		B65D93072540CE43000918AB /* ParstagramUITests.swift in Sources */ = {isa = PBXBuildFile; fileRef = B65D93062540CE43000918AB /* ParstagramUITests.swift */; };
/* End PBXBuildFile section */

/* Begin PBXContainerItemProxy section */
		B65D92F82540CE43000918AB /* PBXContainerItemProxy */ = {
			isa = PBXContainerItemProxy;
			containerPortal = B65D92D92540CE3B000918AB /* Project object */;
			proxyType = 1;
			remoteGlobalIDString = B65D92E02540CE3B000918AB;
			remoteInfo = Parstagram;
		};
		B65D93032540CE43000918AB /* PBXContainerItemProxy */ = {
			isa = PBXContainerItemProxy;
			containerPortal = B65D92D92540CE3B000918AB /* Project object */;
			proxyType = 1;
			remoteGlobalIDString = B65D92E02540CE3B000918AB;
			remoteInfo = Parstagram;
		};
/* End PBXContainerItemProxy section */

/* Begin PBXFileReference section */
		B65D92E12540CE3B000918AB /* Parstagram.app */ = {isa = PBXFileReference; explicitFileType = wrapper.application; includeInIndex = 0; path = Parstagram.app; sourceTree = BUILT_PRODUCTS_DIR; };
		B65D92E42540CE3B000918AB /* AppDelegate.swift */ = {isa = PBXFileReference; lastKnownFileType = sourcecode.swift; path = AppDelegate.swift; sourceTree = "<group>"; };
		B65D92E62540CE3B000918AB /* SceneDelegate.swift */ = {isa = PBXFileReference; lastKnownFileType = sourcecode.swift; path = SceneDelegate.swift; sourceTree = "<group>"; };
		B65D92E82540CE3B000918AB /* ViewController.swift */ = {isa = PBXFileReference; lastKnownFileType = sourcecode.swift; path = ViewController.swift; sourceTree = "<group>"; };
		B65D92EB2540CE3B000918AB /* Base */ = {isa = PBXFileReference; lastKnownFileType = file.storyboard; name = Base; path = Base.lproj/Main.storyboard; sourceTree = "<group>"; };
		B65D92ED2540CE42000918AB /* Assets.xcassets */ = {isa = PBXFileReference; lastKnownFileType = folder.assetcatalog; path = Assets.xcassets; sourceTree = "<group>"; };
		B65D92F02540CE42000918AB /* Base */ = {isa = PBXFileReference; lastKnownFileType = file.storyboard; name = Base; path = Base.lproj/LaunchScreen.storyboard; sourceTree = "<group>"; };
		B65D92F22540CE42000918AB /* Info.plist */ = {isa = PBXFileReference; lastKnownFileType = text.plist.xml; path = Info.plist; sourceTree = "<group>"; };
		B65D92F72540CE43000918AB /* ParstagramTests.xctest */ = {isa = PBXFileReference; explicitFileType = wrapper.cfbundle; includeInIndex = 0; path = ParstagramTests.xctest; sourceTree = BUILT_PRODUCTS_DIR; };
		B65D92FB2540CE43000918AB /* ParstagramTests.swift */ = {isa = PBXFileReference; lastKnownFileType = sourcecode.swift; path = ParstagramTests.swift; sourceTree = "<group>"; };
		B65D92FD2540CE43000918AB /* Info.plist */ = {isa = PBXFileReference; lastKnownFileType = text.plist.xml; path = Info.plist; sourceTree = "<group>"; };
		B65D93022540CE43000918AB /* ParstagramUITests.xctest */ = {isa = PBXFileReference; explicitFileType = wrapper.cfbundle; includeInIndex = 0; path = ParstagramUITests.xctest; sourceTree = BUILT_PRODUCTS_DIR; };
		B65D93062540CE43000918AB /* ParstagramUITests.swift */ = {isa = PBXFileReference; lastKnownFileType = sourcecode.swift; path = ParstagramUITests.swift; sourceTree = "<group>"; };
		B65D93082540CE43000918AB /* Info.plist */ = {isa = PBXFileReference; lastKnownFileType = text.plist.xml; path = Info.plist; sourceTree = "<group>"; };
/* End PBXFileReference section */

/* Begin PBXFrameworksBuildPhase section */
		B65D92DE2540CE3B000918AB /* Frameworks */ = {
			isa = PBXFrameworksBuildPhase;
			buildActionMask = 2147483647;
			files = (
			);
			runOnlyForDeploymentPostprocessing = 0;
		};
		B65D92F42540CE43000918AB /* Frameworks */ = {
			isa = PBXFrameworksBuildPhase;
			buildActionMask = 2147483647;
			files = (
			);
			runOnlyForDeploymentPostprocessing = 0;
		};
		B65D92FF2540CE43000918AB /* Frameworks */ = {
			isa = PBXFrameworksBuildPhase;
			buildActionMask = 2147483647;
			files = (
			);
			runOnlyForDeploymentPostprocessing = 0;
		};
/* End PBXFrameworksBuildPhase section */

/* Begin PBXGroup section */
		B65D92D82540CE3B000918AB = {
			isa = PBXGroup;
			children = (
				B65D92E32540CE3B000918AB /* Parstagram */,
				B65D92FA2540CE43000918AB /* ParstagramTests */,
				B65D93052540CE43000918AB /* ParstagramUITests */,
				B65D92E22540CE3B000918AB /* Products */,
			);
			sourceTree = "<group>";
		};
		B65D92E22540CE3B000918AB /* Products */ = {
			isa = PBXGroup;
			children = (
				B65D92E12540CE3B000918AB /* Parstagram.app */,
				B65D92F72540CE43000918AB /* ParstagramTests.xctest */,
				B65D93022540CE43000918AB /* ParstagramUITests.xctest */,
			);
			name = Products;
			sourceTree = "<group>";
		};
		B65D92E32540CE3B000918AB /* Parstagram */ = {
			isa = PBXGroup;
			children = (
				B65D92E42540CE3B000918AB /* AppDelegate.swift */,
				B65D92E62540CE3B000918AB /* SceneDelegate.swift */,
				B65D92E82540CE3B000918AB /* ViewController.swift */,
				B65D92EA2540CE3B000918AB /* Main.storyboard */,
				B65D92ED2540CE42000918AB /* Assets.xcassets */,
				B65D92EF2540CE42000918AB /* LaunchScreen.storyboard */,
				B65D92F22540CE42000918AB /* Info.plist */,
			);
			path = Parstagram;
			sourceTree = "<group>";
		};
		B65D92FA2540CE43000918AB /* ParstagramTests */ = {
			isa = PBXGroup;
			children = (
				B65D92FB2540CE43000918AB /* ParstagramTests.swift */,
				B65D92FD2540CE43000918AB /* Info.plist */,
			);
			path = ParstagramTests;
			sourceTree = "<group>";
		};
		B65D93052540CE43000918AB /* ParstagramUITests */ = {
			isa = PBXGroup;
			children = (
				B65D93062540CE43000918AB /* ParstagramUITests.swift */,
				B65D93082540CE43000918AB /* Info.plist */,
			);
			path = ParstagramUITests;
			sourceTree = "<group>";
		};
/* End PBXGroup section */

/* Begin PBXNativeTarget section */
		B65D92E02540CE3B000918AB /* Parstagram */ = {
			isa = PBXNativeTarget;
			buildConfigurationList = B65D930B2540CE43000918AB /* Build configuration list for PBXNativeTarget "Parstagram" */;
			buildPhases = (
				B65D92DD2540CE3B000918AB /* Sources */,
				B65D92DE2540CE3B000918AB /* Frameworks */,
				B65D92DF2540CE3B000918AB /* Resources */,
			);
			buildRules = (
			);
			dependencies = (
			);
			name = Parstagram;
			productName = Parstagram;
			productReference = B65D92E12540CE3B000918AB /* Parstagram.app */;
			productType = "com.apple.product-type.application";
		};
		B65D92F62540CE43000918AB /* ParstagramTests */ = {
			isa = PBXNativeTarget;
			buildConfigurationList = B65D930E2540CE43000918AB /* Build configuration list for PBXNativeTarget "ParstagramTests" */;
			buildPhases = (
				B65D92F32540CE43000918AB /* Sources */,
				B65D92F42540CE43000918AB /* Frameworks */,
				B65D92F52540CE43000918AB /* Resources */,
			);
			buildRules = (
			);
			dependencies = (
				B65D92F92540CE43000918AB /* PBXTargetDependency */,
			);
			name = ParstagramTests;
			productName = ParstagramTests;
			productReference = B65D92F72540CE43000918AB /* ParstagramTests.xctest */;
			productType = "com.apple.product-type.bundle.unit-test";
		};
		B65D93012540CE43000918AB /* ParstagramUITests */ = {
			isa = PBXNativeTarget;
			buildConfigurationList = B65D93112540CE43000918AB /* Build configuration list for PBXNativeTarget "ParstagramUITests" */;
			buildPhases = (
				B65D92FE2540CE43000918AB /* Sources */,
				B65D92FF2540CE43000918AB /* Frameworks */,
				B65D93002540CE43000918AB /* Resources */,
			);
			buildRules = (
			);
			dependencies = (
				B65D93042540CE43000918AB /* PBXTargetDependency */,
			);
			name = ParstagramUITests;
			productName = ParstagramUITests;
			productReference = B65D93022540CE43000918AB /* ParstagramUITests.xctest */;
			productType = "com.apple.product-type.bundle.ui-testing";
		};
/* End PBXNativeTarget section */

/* Begin PBXProject section */
		B65D92D92540CE3B000918AB /* Project object */ = {
			isa = PBXProject;
			attributes = {
				LastSwiftUpdateCheck = 1200;
				LastUpgradeCheck = 1200;
				TargetAttributes = {
					B65D92E02540CE3B000918AB = {
						CreatedOnToolsVersion = 12.0.1;
					};
					B65D92F62540CE43000918AB = {
						CreatedOnToolsVersion = 12.0.1;
						TestTargetID = B65D92E02540CE3B000918AB;
					};
					B65D93012540CE43000918AB = {
						CreatedOnToolsVersion = 12.0.1;
						TestTargetID = B65D92E02540CE3B000918AB;
					};
				};
			};
			buildConfigurationList = B65D92DC2540CE3B000918AB /* Build configuration list for PBXProject "Parstagram" */;
			compatibilityVersion = "Xcode 9.3";
			developmentRegion = en;
			hasScannedForEncodings = 0;
			knownRegions = (
				en,
				Base,
			);
			mainGroup = B65D92D82540CE3B000918AB;
			productRefGroup = B65D92E22540CE3B000918AB /* Products */;
			projectDirPath = "";
			projectRoot = "";
			targets = (
				B65D92E02540CE3B000918AB /* Parstagram */,
				B65D92F62540CE43000918AB /* ParstagramTests */,
				B65D93012540CE43000918AB /* ParstagramUITests */,
			);
		};
/* End PBXProject section */

/* Begin PBXResourcesBuildPhase section */
		B65D92DF2540CE3B000918AB /* Resources */ = {
			isa = PBXResourcesBuildPhase;
			buildActionMask = 2147483647;
			files = (
				B65D92F12540CE42000918AB /* LaunchScreen.storyboard in Resources */,
				B65D92EE2540CE42000918AB /* Assets.xcassets in Resources */,
				B65D92EC2540CE3B000918AB /* Main.storyboard in Resources */,
			);
			runOnlyForDeploymentPostprocessing = 0;
		};
		B65D92F52540CE43000918AB /* Resources */ = {
			isa = PBXResourcesBuildPhase;
			buildActionMask = 2147483647;
			files = (
			);
			runOnlyForDeploymentPostprocessing = 0;
		};
		B65D93002540CE43000918AB /* Resources */ = {
			isa = PBXResourcesBuildPhase;
			buildActionMask = 2147483647;
			files = (
			);
			runOnlyForDeploymentPostprocessing = 0;
		};
/* End PBXResourcesBuildPhase section */

/* Begin PBXSourcesBuildPhase section */
		B65D92DD2540CE3B000918AB /* Sources */ = {
			isa = PBXSourcesBuildPhase;
			buildActionMask = 2147483647;
			files = (
				B65D92E92540CE3B000918AB /* ViewController.swift in Sources */,
				B65D92E52540CE3B000918AB /* AppDelegate.swift in Sources */,
				B65D92E72540CE3B000918AB /* SceneDelegate.swift in Sources */,
			);
			runOnlyForDeploymentPostprocessing = 0;
		};
		B65D92F32540CE43000918AB /* Sources */ = {
			isa = PBXSourcesBuildPhase;
			buildActionMask = 2147483647;
			files = (
				B65D92FC2540CE43000918AB /* ParstagramTests.swift in Sources */,
			);
			runOnlyForDeploymentPostprocessing = 0;
		};
		B65D92FE2540CE43000918AB /* Sources */ = {
			isa = PBXSourcesBuildPhase;
			buildActionMask = 2147483647;
			files = (
				B65D93072540CE43000918AB /* ParstagramUITests.swift in Sources */,
			);
			runOnlyForDeploymentPostprocessing = 0;
		};
/* End PBXSourcesBuildPhase section */

/* Begin PBXTargetDependency section */
		B65D92F92540CE43000918AB /* PBXTargetDependency */ = {
			isa = PBXTargetDependency;
			target = B65D92E02540CE3B000918AB /* Parstagram */;
			targetProxy = B65D92F82540CE43000918AB /* PBXContainerItemProxy */;
		};
		B65D93042540CE43000918AB /* PBXTargetDependency */ = {
			isa = PBXTargetDependency;
			target = B65D92E02540CE3B000918AB /* Parstagram */;
			targetProxy = B65D93032540CE43000918AB /* PBXContainerItemProxy */;
		};
/* End PBXTargetDependency section */

/* Begin PBXVariantGroup section */
		B65D92EA2540CE3B000918AB /* Main.storyboard */ = {
			isa = PBXVariantGroup;
			children = (
				B65D92EB2540CE3B000918AB /* Base */,
			);
			name = Main.storyboard;
			sourceTree = "<group>";
		};
		B65D92EF2540CE42000918AB /* LaunchScreen.storyboard */ = {
			isa = PBXVariantGroup;
			children = (
				B65D92F02540CE42000918AB /* Base */,
			);
			name = LaunchScreen.storyboard;
			sourceTree = "<group>";
		};
/* End PBXVariantGroup section */

/* Begin XCBuildConfiguration section */
		B65D93092540CE43000918AB /* Debug */ = {
			isa = XCBuildConfiguration;
			buildSettings = {
				ALWAYS_SEARCH_USER_PATHS = NO;
				CLANG_ANALYZER_NONNULL = YES;
				CLANG_ANALYZER_NUMBER_OBJECT_CONVERSION = YES_AGGRESSIVE;
				CLANG_CXX_LANGUAGE_STANDARD = "gnu++14";
				CLANG_CXX_LIBRARY = "libc++";
				CLANG_ENABLE_MODULES = YES;
				CLANG_ENABLE_OBJC_ARC = YES;
				CLANG_ENABLE_OBJC_WEAK = YES;
				CLANG_WARN_BLOCK_CAPTURE_AUTORELEASING = YES;
				CLANG_WARN_BOOL_CONVERSION = YES;
				CLANG_WARN_COMMA = YES;
				CLANG_WARN_CONSTANT_CONVERSION = YES;
				CLANG_WARN_DEPRECATED_OBJC_IMPLEMENTATIONS = YES;
				CLANG_WARN_DIRECT_OBJC_ISA_USAGE = YES_ERROR;
				CLANG_WARN_DOCUMENTATION_COMMENTS = YES;
				CLANG_WARN_EMPTY_BODY = YES;
				CLANG_WARN_ENUM_CONVERSION = YES;
				CLANG_WARN_INFINITE_RECURSION = YES;
				CLANG_WARN_INT_CONVERSION = YES;
				CLANG_WARN_NON_LITERAL_NULL_CONVERSION = YES;
				CLANG_WARN_OBJC_IMPLICIT_RETAIN_SELF = YES;
				CLANG_WARN_OBJC_LITERAL_CONVERSION = YES;
				CLANG_WARN_OBJC_ROOT_CLASS = YES_ERROR;
				CLANG_WARN_QUOTED_INCLUDE_IN_FRAMEWORK_HEADER = YES;
				CLANG_WARN_RANGE_LOOP_ANALYSIS = YES;
				CLANG_WARN_STRICT_PROTOTYPES = YES;
				CLANG_WARN_SUSPICIOUS_MOVE = YES;
				CLANG_WARN_UNGUARDED_AVAILABILITY = YES_AGGRESSIVE;
				CLANG_WARN_UNREACHABLE_CODE = YES;
				CLANG_WARN__DUPLICATE_METHOD_MATCH = YES;
				COPY_PHASE_STRIP = NO;
				DEBUG_INFORMATION_FORMAT = dwarf;
				ENABLE_STRICT_OBJC_MSGSEND = YES;
				ENABLE_TESTABILITY = YES;
				GCC_C_LANGUAGE_STANDARD = gnu11;
				GCC_DYNAMIC_NO_PIC = NO;
				GCC_NO_COMMON_BLOCKS = YES;
				GCC_OPTIMIZATION_LEVEL = 0;
				GCC_PREPROCESSOR_DEFINITIONS = (
					"DEBUG=1",
					"$(inherited)",
				);
				GCC_WARN_64_TO_32_BIT_CONVERSION = YES;
				GCC_WARN_ABOUT_RETURN_TYPE = YES_ERROR;
				GCC_WARN_UNDECLARED_SELECTOR = YES;
				GCC_WARN_UNINITIALIZED_AUTOS = YES_AGGRESSIVE;
				GCC_WARN_UNUSED_FUNCTION = YES;
				GCC_WARN_UNUSED_VARIABLE = YES;
				IPHONEOS_DEPLOYMENT_TARGET = 14.0;
				MTL_ENABLE_DEBUG_INFO = INCLUDE_SOURCE;
				MTL_FAST_MATH = YES;
				ONLY_ACTIVE_ARCH = YES;
				SDKROOT = iphoneos;
				SWIFT_ACTIVE_COMPILATION_CONDITIONS = DEBUG;
				SWIFT_OPTIMIZATION_LEVEL = "-Onone";
			};
			name = Debug;
		};
		B65D930A2540CE43000918AB /* Release */ = {
			isa = XCBuildConfiguration;
			buildSettings = {
				ALWAYS_SEARCH_USER_PATHS = NO;
				CLANG_ANALYZER_NONNULL = YES;
				CLANG_ANALYZER_NUMBER_OBJECT_CONVERSION = YES_AGGRESSIVE;
				CLANG_CXX_LANGUAGE_STANDARD = "gnu++14";
				CLANG_CXX_LIBRARY = "libc++";
				CLANG_ENABLE_MODULES = YES;
				CLANG_ENABLE_OBJC_ARC = YES;
				CLANG_ENABLE_OBJC_WEAK = YES;
				CLANG_WARN_BLOCK_CAPTURE_AUTORELEASING = YES;
				CLANG_WARN_BOOL_CONVERSION = YES;
				CLANG_WARN_COMMA = YES;
				CLANG_WARN_CONSTANT_CONVERSION = YES;
				CLANG_WARN_DEPRECATED_OBJC_IMPLEMENTATIONS = YES;
				CLANG_WARN_DIRECT_OBJC_ISA_USAGE = YES_ERROR;
				CLANG_WARN_DOCUMENTATION_COMMENTS = YES;
				CLANG_WARN_EMPTY_BODY = YES;
				CLANG_WARN_ENUM_CONVERSION = YES;
				CLANG_WARN_INFINITE_RECURSION = YES;
				CLANG_WARN_INT_CONVERSION = YES;
				CLANG_WARN_NON_LITERAL_NULL_CONVERSION = YES;
				CLANG_WARN_OBJC_IMPLICIT_RETAIN_SELF = YES;
				CLANG_WARN_OBJC_LITERAL_CONVERSION = YES;
				CLANG_WARN_OBJC_ROOT_CLASS = YES_ERROR;
				CLANG_WARN_QUOTED_INCLUDE_IN_FRAMEWORK_HEADER = YES;
				CLANG_WARN_RANGE_LOOP_ANALYSIS = YES;
				CLANG_WARN_STRICT_PROTOTYPES = YES;
				CLANG_WARN_SUSPICIOUS_MOVE = YES;
				CLANG_WARN_UNGUARDED_AVAILABILITY = YES_AGGRESSIVE;
				CLANG_WARN_UNREACHABLE_CODE = YES;
				CLANG_WARN__DUPLICATE_METHOD_MATCH = YES;
				COPY_PHASE_STRIP = NO;
				DEBUG_INFORMATION_FORMAT = "dwarf-with-dsym";
				ENABLE_NS_ASSERTIONS = NO;
				ENABLE_STRICT_OBJC_MSGSEND = YES;
				GCC_C_LANGUAGE_STANDARD = gnu11;
				GCC_NO_COMMON_BLOCKS = YES;
				GCC_WARN_64_TO_32_BIT_CONVERSION = YES;
				GCC_WARN_ABOUT_RETURN_TYPE = YES_ERROR;
				GCC_WARN_UNDECLARED_SELECTOR = YES;
				GCC_WARN_UNINITIALIZED_AUTOS = YES_AGGRESSIVE;
				GCC_WARN_UNUSED_FUNCTION = YES;
				GCC_WARN_UNUSED_VARIABLE = YES;
				IPHONEOS_DEPLOYMENT_TARGET = 14.0;
				MTL_ENABLE_DEBUG_INFO = NO;
				MTL_FAST_MATH = YES;
				SDKROOT = iphoneos;
				SWIFT_COMPILATION_MODE = wholemodule;
				SWIFT_OPTIMIZATION_LEVEL = "-O";
				VALIDATE_PRODUCT = YES;
			};
			name = Release;
		};
		B65D930C2540CE43000918AB /* Debug */ = {
			isa = XCBuildConfiguration;
			buildSettings = {
				ASSETCATALOG_COMPILER_APPICON_NAME = AppIcon;
				ASSETCATALOG_COMPILER_GLOBAL_ACCENT_COLOR_NAME = AccentColor;
				CODE_SIGN_STYLE = Automatic;
				INFOPLIST_FILE = Parstagram/Info.plist;
				LD_RUNPATH_SEARCH_PATHS = (
					"$(inherited)",
					"@executable_path/Frameworks",
				);
				PRODUCT_BUNDLE_IDENTIFIER = "com.jess-izuu.Parstagram";
				PRODUCT_NAME = "$(TARGET_NAME)";
				SWIFT_VERSION = 5.0;
				TARGETED_DEVICE_FAMILY = "1,2";
			};
			name = Debug;
		};
		B65D930D2540CE43000918AB /* Release */ = {
			isa = XCBuildConfiguration;
			buildSettings = {
				ASSETCATALOG_COMPILER_APPICON_NAME = AppIcon;
				ASSETCATALOG_COMPILER_GLOBAL_ACCENT_COLOR_NAME = AccentColor;
				CODE_SIGN_STYLE = Automatic;
				INFOPLIST_FILE = Parstagram/Info.plist;
				LD_RUNPATH_SEARCH_PATHS = (
					"$(inherited)",
					"@executable_path/Frameworks",
				);
				PRODUCT_BUNDLE_IDENTIFIER = "com.jess-izuu.Parstagram";
				PRODUCT_NAME = "$(TARGET_NAME)";
				SWIFT_VERSION = 5.0;
				TARGETED_DEVICE_FAMILY = "1,2";
			};
			name = Release;
		};
		B65D930F2540CE43000918AB /* Debug */ = {
			isa = XCBuildConfiguration;
			buildSettings = {
				ALWAYS_EMBED_SWIFT_STANDARD_LIBRARIES = YES;
				BUNDLE_LOADER = "$(TEST_HOST)";
				CODE_SIGN_STYLE = Automatic;
				INFOPLIST_FILE = ParstagramTests/Info.plist;
				IPHONEOS_DEPLOYMENT_TARGET = 14.0;
				LD_RUNPATH_SEARCH_PATHS = (
					"$(inherited)",
					"@executable_path/Frameworks",
					"@loader_path/Frameworks",
				);
				PRODUCT_BUNDLE_IDENTIFIER = "com.jess-izuu.ParstagramTests";
				PRODUCT_NAME = "$(TARGET_NAME)";
				SWIFT_VERSION = 5.0;
				TARGETED_DEVICE_FAMILY = "1,2";
				TEST_HOST = "$(BUILT_PRODUCTS_DIR)/Parstagram.app/Parstagram";
			};
			name = Debug;
		};
		B65D93102540CE43000918AB /* Release */ = {
			isa = XCBuildConfiguration;
			buildSettings = {
				ALWAYS_EMBED_SWIFT_STANDARD_LIBRARIES = YES;
				BUNDLE_LOADER = "$(TEST_HOST)";
				CODE_SIGN_STYLE = Automatic;
				INFOPLIST_FILE = ParstagramTests/Info.plist;
				IPHONEOS_DEPLOYMENT_TARGET = 14.0;
				LD_RUNPATH_SEARCH_PATHS = (
					"$(inherited)",
					"@executable_path/Frameworks",
					"@loader_path/Frameworks",
				);
				PRODUCT_BUNDLE_IDENTIFIER = "com.jess-izuu.ParstagramTests";
				PRODUCT_NAME = "$(TARGET_NAME)";
				SWIFT_VERSION = 5.0;
				TARGETED_DEVICE_FAMILY = "1,2";
				TEST_HOST = "$(BUILT_PRODUCTS_DIR)/Parstagram.app/Parstagram";
			};
			name = Release;
		};
		B65D93122540CE43000918AB /* Debug */ = {
			isa = XCBuildConfiguration;
			buildSettings = {
				ALWAYS_EMBED_SWIFT_STANDARD_LIBRARIES = YES;
				CODE_SIGN_STYLE = Automatic;
				INFOPLIST_FILE = ParstagramUITests/Info.plist;
				LD_RUNPATH_SEARCH_PATHS = (
					"$(inherited)",
					"@executable_path/Frameworks",
					"@loader_path/Frameworks",
				);
				PRODUCT_BUNDLE_IDENTIFIER = "com.jess-izuu.ParstagramUITests";
				PRODUCT_NAME = "$(TARGET_NAME)";
				SWIFT_VERSION = 5.0;
				TARGETED_DEVICE_FAMILY = "1,2";
				TEST_TARGET_NAME = Parstagram;
			};
			name = Debug;
		};
		B65D93132540CE43000918AB /* Release */ = {
			isa = XCBuildConfiguration;
			buildSettings = {
				ALWAYS_EMBED_SWIFT_STANDARD_LIBRARIES = YES;
				CODE_SIGN_STYLE = Automatic;
				INFOPLIST_FILE = ParstagramUITests/Info.plist;
				LD_RUNPATH_SEARCH_PATHS = (
					"$(inherited)",
					"@executable_path/Frameworks",
					"@loader_path/Frameworks",
				);
				PRODUCT_BUNDLE_IDENTIFIER = "com.jess-izuu.ParstagramUITests";
				PRODUCT_NAME = "$(TARGET_NAME)";
				SWIFT_VERSION = 5.0;
				TARGETED_DEVICE_FAMILY = "1,2";
				TEST_TARGET_NAME = Parstagram;
			};
			name = Release;
		};
/* End XCBuildConfiguration section */

/* Begin XCConfigurationList section */
		B65D92DC2540CE3B000918AB /* Build configuration list for PBXProject "Parstagram" */ = {
			isa = XCConfigurationList;
			buildConfigurations = (
				B65D93092540CE43000918AB /* Debug */,
				B65D930A2540CE43000918AB /* Release */,
			);
			defaultConfigurationIsVisible = 0;
			defaultConfigurationName = Release;
		};
		B65D930B2540CE43000918AB /* Build configuration list for PBXNativeTarget "Parstagram" */ = {
			isa = XCConfigurationList;
			buildConfigurations = (
				B65D930C2540CE43000918AB /* Debug */,
				B65D930D2540CE43000918AB /* Release */,
			);
			defaultConfigurationIsVisible = 0;
			defaultConfigurationName = Release;
		};
		B65D930E2540CE43000918AB /* Build configuration list for PBXNativeTarget "ParstagramTests" */ = {
			isa = XCConfigurationList;
			buildConfigurations = (
				B65D930F2540CE43000918AB /* Debug */,
				B65D93102540CE43000918AB /* Release */,
			);
			defaultConfigurationIsVisible = 0;
			defaultConfigurationName = Release;
		};
		B65D93112540CE43000918AB /* Build configuration list for PBXNativeTarget "ParstagramUITests" */ = {
			isa = XCConfigurationList;
			buildConfigurations = (
				B65D93122540CE43000918AB /* Debug */,
				B65D93132540CE43000918AB /* Release */,
			);
			defaultConfigurationIsVisible = 0;
			defaultConfigurationName = Release;
		};
/* End XCConfigurationList section */
	};
	rootObject = B65D92D92540CE3B000918AB /* Project object */;
}
